
Microsoft Visual Studio Solution File, Format Version 12.00
# Visual Studio Version 17
VisualStudioVersion = 17.5.002.0
MinimumVisualStudioVersion = 10.0.40219.1
Project("{9A19103F-16F7-4668-BE54-9A1E7A4F7556}") = "UbyTecAPI", "UbyTecAPI.csproj", "{C2AFFD84-E8FE-438A-B66E-D70BBEFCDCFF}"
EndProject
Global
	GlobalSection(SolutionConfigurationPlatforms) = preSolution
		Debug|Any CPU = Debug|Any CPU
		Release|Any CPU = Release|Any CPU
	EndGlobalSection
	GlobalSection(ProjectConfigurationPlatforms) = postSolution
		{C2AFFD84-E8FE-438A-B66E-D70BBEFCDCFF}.Debug|Any CPU.ActiveCfg = Debug|Any CPU
		{C2AFFD84-E8FE-438A-B66E-D70BBEFCDCFF}.Debug|Any CPU.Build.0 = Debug|Any CPU
		{C2AFFD84-E8FE-438A-B66E-D70BBEFCDCFF}.Release|Any CPU.ActiveCfg = Release|Any CPU
		{C2AFFD84-E8FE-438A-B66E-D70BBEFCDCFF}.Release|Any CPU.Build.0 = Release|Any CPU
	EndGlobalSection
	GlobalSection(SolutionProperties) = preSolution
		HideSolutionNode = FALSE
	EndGlobalSection
	GlobalSection(ExtensibilityGlobals) = postSolution
		SolutionGuid = {52CAAC1A-168A-4EBB-8F89-5BE6E4B15B7C}
	EndGlobalSection
EndGlobal
